<Solution>
  <Project Path="ejercicioN1/ejercicioN1.csproj" Id="4f7e6619-5e47-4a03-9cc1-43efe48db50d" />
  <Project Path="ejercicioN2/ejercicioN2.csproj" Id="cf8d8470-0a3c-4273-80ea-67f63149c9c3" />
  <Project Path="ejercicioN3/ejercicioN3.csproj" Id="1a1a746a-4d21-4d79-bf63-7347333be2a1" />
  <Project Path="ejercicioN4/ejercicioN4.csproj" Id="c38005ff-569f-42b4-819a-2b6b17ec9302" />
</Solution>
