<Solution>
  <Project Path="ejercicioN1/ejercicioN1.csproj" Id="06ec06f4-9279-43c6-842a-3fc187cefab4" />
  <Project Path="ejercicioN2/ejercicioN2.csproj" Id="701d5ae4-82da-44d8-9cef-2c10b8c02568" />
  <Project Path="ejercicioN3/ejercicioN3.csproj" Id="0dac1a3a-5f14-4b9b-b263-646a38cf26c5" />
  <Project Path="ejercicioN4/ejercicioN4.csproj" Id="84ca5dce-90c8-4ff9-bebd-94fe6e10c7f6" />
</Solution>
