<Solution>
  <Project Path="ejercicioN1/ejercicioN1.csproj" Id="da003c38-b006-47cb-908b-4a05146bbd30" />
  <Project Path="ejercicioN2/ejercicioN2.csproj" Id="bcb805fa-2b1b-4b6e-857d-43d7fe6edd0e" />
  <Project Path="ejercicioN3/ejercicioN3.csproj" Id="7e6f6aea-faf3-4b31-b49a-7a5b3ddc371a" />
  <Project Path="ejercicioN4/ejercicioN4.csproj" Id="046cf6d9-8764-45c1-b185-4796951c0938" />
</Solution>
