<Solution>
  <Project Path="ejercicio1/ejercicioN1.csproj" />
  <Project Path="ejercicioN2/ejercicioN2.csproj" />
  <Project Path="ejercicioN3/ejercicioN3.csproj" />
  <Project Path="ejercicioN4/ejercicioN4.csproj" />
  <Project Path="ejercicioN5/ejercicioN5.csproj" />
  <Project Path="ejercicioN6/ejercicioN6.csproj" />
</Solution>
