<Solution>
  <Project Path="ejercicioN1/ejercicioN1.csproj" Id="74d70d1d-e5bc-4f99-9482-727ea2b10e8d" />
  <Project Path="ejercicioN2/ejercicioN2.csproj" Id="0ba35c6e-8b5d-4af4-ae80-8f583c261471" />
  <Project Path="ejercicioN3/ejercicioN3.csproj" Id="29faf68a-2828-4d02-b584-a223384cac9e" />
  <Project Path="ejercicioN4/ejercicioN4.csproj" Id="73481e5b-1589-4243-b13f-9a0034bbec84" />
  <Project Path="ejercicioN5/ejercicioN5.csproj" Id="790e13b5-ce08-405d-bedf-110d951c1951" />
</Solution>
