<Solution>
  <Project Path="ejercicioN1/ejercicioN1.csproj" Id="819ca323-f5d8-438c-8d67-f58a5c0d4c5c" />
  <Project Path="ejercicioN2/ejercicioN2.csproj" Id="b3c0f8b1-0d8b-480d-96c6-19c3d02fe1c0" />
  <Project Path="ejercicioN3/ejercicioN3.csproj" Id="7dfc0bad-ec87-4aff-b482-23975050c8ce" />
  <Project Path="ejercicioN4/ejercicioN4.csproj" Id="9ccca1c5-17c6-4b29-b499-25f1e7002f19" />
</Solution>
