<Solution>
  <Project Path="ejercicioN1/ejercicioN1.csproj" Id="29bf4cf6-313e-4d17-90cb-464c1466ea82" />
  <Project Path="ejercicioN2/ejercicioN2.csproj" Id="cc8352a0-1831-42da-8f19-1a02eac47850" />
  <Project Path="ejercicioN3/ejercicioN3.csproj" Id="9fb56f31-e81f-411a-afeb-6cb05e7efb51" />
  <Project Path="ejercicioN4/ejercicioN4.csproj" Id="45d167dc-1de3-4aa4-aa1b-24a55a7898c7" />
</Solution>
