<Solution>
  <Project Path="ejercicioN1/ejercicioN1.csproj" Id="829eb7b4-7420-42b2-908c-59c60fa5b6b8" />
  <Project Path="ejercicioN2/ejercicioN2.csproj" Id="6481a3e3-2d14-4b84-a841-6f40955b6e46" />
  <Project Path="ejercicioN3/ejercicioN3.csproj" Id="2ca5e769-b312-4335-bcc2-b28f50075d88" />
  <Project Path="ejercicioN4/ejercicioN4.csproj" Id="da6c6c02-aac4-4ba3-89d5-3c04f0854fb6" />
  <Project Path="ejercicioN5/ejercicioN5.csproj" Id="058114ee-8dab-475a-87f7-20d93aafd57b" />
  <Project Path="ejercicioN6/ejercicioN6.csproj" Id="f22ea262-2fbb-4e65-a7fd-fe6c61c25fd1" />
</Solution>
