<Solution>
  <Project Path="ejercicioN1/ejercicioN1.csproj" Id="42ca3457-2389-432b-93f1-fae9adc3b879" />
  <Project Path="ejercicioN2/ejercicioN2.csproj" Id="0bbfd400-b93a-4ab7-9218-53b6b892c92d" />
  <Project Path="ejercicioN3/ejercicioN3.csproj" Id="1052ba3a-1273-4636-83b6-b210de7c67a2" />
  <Project Path="ejercicioN4/ejercicioN4.csproj" Id="ca851b4e-ff76-4307-a81b-3ca326037f44" />
</Solution>
