<Solution>
  <Project Path="ejercicioN1/ejercicioN1.csproj" Id="fb225806-e5b6-4668-af01-0fecc39ba156" />
  <Project Path="ejercicioN2/ejercicioN2.csproj" Id="568ab5e2-d3b1-4914-a7ac-8cddefd25db5" />
  <Project Path="ejercicioN3/ejercicioN3.csproj" Id="76ec459c-20de-4aab-9944-64a12475a326" />
  <Project Path="ejercicioN4/ejercicioN4.csproj" Id="34a6287c-55b4-4d01-8d53-df1343957c51" />
</Solution>
